
Microsoft Visual Studio Solution File, Format Version 12.00
# Visual Studio Version 16
VisualStudioVersion = 16.0.30204.135
MinimumVisualStudioVersion = 10.0.40219.1
Project("{9A19103F-16F7-4668-BE54-9A1E7A4F7556}") = "MoraBlazor", "MoraBlazor.csproj", "{9F995B8F-0745-41EB-A7E5-6D97F425B20B}"
EndProject
Project("{FAE04EC0-301F-11D3-BF4B-00C04F79EFBC}") = "MoraBlazorTests", "..\MoraBlazorTests\MoraBlazorTests.csproj", "{D0E3292F-9188-460B-A30D-D15C8B8E176D}"
EndProject
Global
	GlobalSection(SolutionConfigurationPlatforms) = preSolution
		Debug|Any CPU = Debug|Any CPU
		Release|Any CPU = Release|Any CPU
	EndGlobalSection
	GlobalSection(ProjectConfigurationPlatforms) = postSolution
		{9F995B8F-0745-41EB-A7E5-6D97F425B20B}.Debug|Any CPU.ActiveCfg = Debug|Any CPU
		{9F995B8F-0745-41EB-A7E5-6D97F425B20B}.Debug|Any CPU.Build.0 = Debug|Any CPU
		{9F995B8F-0745-41EB-A7E5-6D97F425B20B}.Release|Any CPU.ActiveCfg = Release|Any CPU
		{9F995B8F-0745-41EB-A7E5-6D97F425B20B}.Release|Any CPU.Build.0 = Release|Any CPU
		{D0E3292F-9188-460B-A30D-D15C8B8E176D}.Debug|Any CPU.ActiveCfg = Debug|Any CPU
		{D0E3292F-9188-460B-A30D-D15C8B8E176D}.Debug|Any CPU.Build.0 = Debug|Any CPU
		{D0E3292F-9188-460B-A30D-D15C8B8E176D}.Release|Any CPU.ActiveCfg = Release|Any CPU
		{D0E3292F-9188-460B-A30D-D15C8B8E176D}.Release|Any CPU.Build.0 = Release|Any CPU
	EndGlobalSection
	GlobalSection(SolutionProperties) = preSolution
		HideSolutionNode = FALSE
	EndGlobalSection
	GlobalSection(ExtensibilityGlobals) = postSolution
		SolutionGuid = {7A0102D7-872F-47FC-AD20-B3D523F1ABF0}
	EndGlobalSection
EndGlobal
